
Microsoft Visual Studio Solution File, Format Version 12.00
# Visual Studio Version 16
VisualStudioVersion = 16.0.30128.74
MinimumVisualStudioVersion = 10.0.40219.1
Project("{FAE04EC0-301F-11D3-BF4B-00C04F79EFBC}") = "CsharpAT", "CsharpAT\CsharpAT.csproj", "{459B2FFB-4B8D-47D5-B865-D00B60FBABCB}"
EndProject
Project("{FAE04EC0-301F-11D3-BF4B-00C04F79EFBC}") = "CsharpAT.Biblioteca", "CsharpAT.Biblioteca\CsharpAT.Biblioteca.csproj", "{09161949-3727-4335-BB62-30D678E2936F}"
EndProject
Global
	GlobalSection(SolutionConfigurationPlatforms) = preSolution
		Debug|Any CPU = Debug|Any CPU
		Release|Any CPU = Release|Any CPU
	EndGlobalSection
	GlobalSection(ProjectConfigurationPlatforms) = postSolution
		{459B2FFB-4B8D-47D5-B865-D00B60FBABCB}.Debug|Any CPU.ActiveCfg = Debug|Any CPU
		{459B2FFB-4B8D-47D5-B865-D00B60FBABCB}.Debug|Any CPU.Build.0 = Debug|Any CPU
		{459B2FFB-4B8D-47D5-B865-D00B60FBABCB}.Release|Any CPU.ActiveCfg = Release|Any CPU
		{459B2FFB-4B8D-47D5-B865-D00B60FBABCB}.Release|Any CPU.Build.0 = Release|Any CPU
		{09161949-3727-4335-BB62-30D678E2936F}.Debug|Any CPU.ActiveCfg = Debug|Any CPU
		{09161949-3727-4335-BB62-30D678E2936F}.Debug|Any CPU.Build.0 = Debug|Any CPU
		{09161949-3727-4335-BB62-30D678E2936F}.Release|Any CPU.ActiveCfg = Release|Any CPU
		{09161949-3727-4335-BB62-30D678E2936F}.Release|Any CPU.Build.0 = Release|Any CPU
	EndGlobalSection
	GlobalSection(SolutionProperties) = preSolution
		HideSolutionNode = FALSE
	EndGlobalSection
	GlobalSection(ExtensibilityGlobals) = postSolution
		SolutionGuid = {B54BFC9F-1F42-45B2-93FD-AFEB2AF5994C}
	EndGlobalSection
EndGlobal
